
Microsoft Visual Studio Solution File, Format Version 12.00
# Visual Studio 15
VisualStudioVersion = 15.0.28307.779
MinimumVisualStudioVersion = 10.0.40219.1
Project("{F184B08F-C81C-45F6-A57F-5ABD9991F28F}") = "WindowsApp1", "WindowsApp1.vbproj", "{D0665945-F9F7-4A54-9ACB-FC113982248B}"
EndProject
Global
	GlobalSection(SolutionConfigurationPlatforms) = preSolution
		Debug|Any CPU = Debug|Any CPU
		Release|Any CPU = Release|Any CPU
	EndGlobalSection
	GlobalSection(ProjectConfigurationPlatforms) = postSolution
		{D0665945-F9F7-4A54-9ACB-FC113982248B}.Debug|Any CPU.ActiveCfg = Debug|Any CPU
		{D0665945-F9F7-4A54-9ACB-FC113982248B}.Debug|Any CPU.Build.0 = Debug|Any CPU
		{D0665945-F9F7-4A54-9ACB-FC113982248B}.Release|Any CPU.ActiveCfg = Release|Any CPU
		{D0665945-F9F7-4A54-9ACB-FC113982248B}.Release|Any CPU.Build.0 = Release|Any CPU
	EndGlobalSection
	GlobalSection(SolutionProperties) = preSolution
		HideSolutionNode = FALSE
	EndGlobalSection
	GlobalSection(ExtensibilityGlobals) = postSolution
		SolutionGuid = {DE04FAB2-07CC-4035-9FD1-A40217E4AD3D}
	EndGlobalSection
EndGlobal
